PODS:
  - Nimble (3.0.0)
  - notes (0.1.0)
  - Quick (0.8.0)

DEPENDENCIES:
  - Nimble (= 3.0.0)
  - notes (from `../`)
  - Quick (~> 0.8.0)

EXTERNAL SOURCES:
  notes:
    :path: ../

SPEC CHECKSUMS:
  Nimble: 4c353d43735b38b545cbb4cb91504588eb5de926
  notes: 2040d5947ce04b51d761efa8b79e62e3a62a6753
  Quick: 563d0f6ec5f72e394645adb377708639b7dd38ab

COCOAPODS: 0.39.0
